
Microsoft Visual Studio Solution File, Format Version 12.00
# Visual Studio Version 17
VisualStudioVersion = 17.14.36915.13 d17.14
MinimumVisualStudioVersion = 10.0.40219.1
Project("{FAE04EC0-301F-11D3-BF4B-00C04F79EFBC}") = "ManipulacaoDeStringsComDelegatesEncadeados", "ManipulacaoDeStringsComDelegatesEncadeados.csproj", "{BC89CBCC-3FD4-4F8B-9F71-93C9EDB0DB2A}"
EndProject
Global
	GlobalSection(SolutionConfigurationPlatforms) = preSolution
		Debug|Any CPU = Debug|Any CPU
		Release|Any CPU = Release|Any CPU
	EndGlobalSection
	GlobalSection(ProjectConfigurationPlatforms) = postSolution
		{BC89CBCC-3FD4-4F8B-9F71-93C9EDB0DB2A}.Debug|Any CPU.ActiveCfg = Debug|Any CPU
		{BC89CBCC-3FD4-4F8B-9F71-93C9EDB0DB2A}.Debug|Any CPU.Build.0 = Debug|Any CPU
		{BC89CBCC-3FD4-4F8B-9F71-93C9EDB0DB2A}.Release|Any CPU.ActiveCfg = Release|Any CPU
		{BC89CBCC-3FD4-4F8B-9F71-93C9EDB0DB2A}.Release|Any CPU.Build.0 = Release|Any CPU
	EndGlobalSection
	GlobalSection(SolutionProperties) = preSolution
		HideSolutionNode = FALSE
	EndGlobalSection
	GlobalSection(ExtensibilityGlobals) = postSolution
		SolutionGuid = {1DBE2799-F958-402A-AB50-2B5BB778E0AC}
	EndGlobalSection
EndGlobal
